
Microsoft Visual Studio Solution File, Format Version 12.00
# Visual Studio Version 17
VisualStudioVersion = 17.1.32228.430
MinimumVisualStudioVersion = 10.0.40219.1
Project("{FAE04EC0-301F-11D3-BF4B-00C04F79EFBC}") = "2048", "2048\2048.csproj", "{3D2F4227-54D7-46B4-96B3-641FA9623966}"
EndProject
Global
	GlobalSection(SolutionConfigurationPlatforms) = preSolution
		Debug|Any CPU = Debug|Any CPU
		Release|Any CPU = Release|Any CPU
	EndGlobalSection
	GlobalSection(ProjectConfigurationPlatforms) = postSolution
		{3D2F4227-54D7-46B4-96B3-641FA9623966}.Debug|Any CPU.ActiveCfg = Debug|Any CPU
		{3D2F4227-54D7-46B4-96B3-641FA9623966}.Debug|Any CPU.Build.0 = Debug|Any CPU
		{3D2F4227-54D7-46B4-96B3-641FA9623966}.Release|Any CPU.ActiveCfg = Release|Any CPU
		{3D2F4227-54D7-46B4-96B3-641FA9623966}.Release|Any CPU.Build.0 = Release|Any CPU
	EndGlobalSection
	GlobalSection(SolutionProperties) = preSolution
		HideSolutionNode = FALSE
	EndGlobalSection
	GlobalSection(ExtensibilityGlobals) = postSolution
		SolutionGuid = {32B41786-5358-4A43-BF07-47C8AA636210}
	EndGlobalSection
EndGlobal
